
Microsoft Visual Studio Solution File, Format Version 12.00
# Visual Studio Version 16
VisualStudioVersion = 16.0.30907.101
MinimumVisualStudioVersion = 10.0.40219.1
Project("{FAE04EC0-301F-11D3-BF4B-00C04F79EFBC}") = "GerenciandoUsuario.Dominio", "GerenciandoUsuario.Dominio\GerenciandoUsuario.Dominio.csproj", "{C7A92E54-EF84-4E84-97D8-152CCD36819C}"
EndProject
Project("{FAE04EC0-301F-11D3-BF4B-00C04F79EFBC}") = "GerenciandoUsuario.Testes", "GerenciandoUsuario.Testes\GerenciandoUsuario.Testes.csproj", "{DCE0B9DA-F3B2-4B72-A313-AD7690F17ECE}"
EndProject
Global
	GlobalSection(SolutionConfigurationPlatforms) = preSolution
		Debug|Any CPU = Debug|Any CPU
		Release|Any CPU = Release|Any CPU
	EndGlobalSection
	GlobalSection(ProjectConfigurationPlatforms) = postSolution
		{C7A92E54-EF84-4E84-97D8-152CCD36819C}.Debug|Any CPU.ActiveCfg = Debug|Any CPU
		{C7A92E54-EF84-4E84-97D8-152CCD36819C}.Debug|Any CPU.Build.0 = Debug|Any CPU
		{C7A92E54-EF84-4E84-97D8-152CCD36819C}.Release|Any CPU.ActiveCfg = Release|Any CPU
		{C7A92E54-EF84-4E84-97D8-152CCD36819C}.Release|Any CPU.Build.0 = Release|Any CPU
		{DCE0B9DA-F3B2-4B72-A313-AD7690F17ECE}.Debug|Any CPU.ActiveCfg = Debug|Any CPU
		{DCE0B9DA-F3B2-4B72-A313-AD7690F17ECE}.Debug|Any CPU.Build.0 = Debug|Any CPU
		{DCE0B9DA-F3B2-4B72-A313-AD7690F17ECE}.Release|Any CPU.ActiveCfg = Release|Any CPU
		{DCE0B9DA-F3B2-4B72-A313-AD7690F17ECE}.Release|Any CPU.Build.0 = Release|Any CPU
	EndGlobalSection
	GlobalSection(SolutionProperties) = preSolution
		HideSolutionNode = FALSE
	EndGlobalSection
	GlobalSection(ExtensibilityGlobals) = postSolution
		SolutionGuid = {C08B4AA1-C46A-4F5B-BF48-2421871B9FE9}
	EndGlobalSection
EndGlobal
